
Microsoft Visual Studio Solution File, Format Version 12.00
# Visual Studio 2013
VisualStudioVersion = 12.0.21005.1
MinimumVisualStudioVersion = 10.0.40219.1
Project("{2150E333-8FDC-42A3-9474-1A3956D46DE8}") = "Business", "Business", "{DE908575-A1D9-4F01-A148-2F5A14FFD230}"
EndProject
Project("{FAE04EC0-301F-11D3-BF4B-00C04F79EFBC}") = "CarRental.Business.Entities", "CarRental.Business.Entities\CarRental.Business.Entities.csproj", "{02FE66BE-7D08-4830-AD62-042F00012085}"
EndProject
Project("{2150E333-8FDC-42A3-9474-1A3956D46DE8}") = "Client", "Client", "{B9627DA3-2883-4699-B1EA-CEAE6560CD68}"
EndProject
Project("{FAE04EC0-301F-11D3-BF4B-00C04F79EFBC}") = "CarRental.Client.Entities", "CarRental.Client.Entities\CarRental.Client.Entities.csproj", "{84DD3658-CF45-435F-AC67-D1D6B96F5421}"
EndProject
Project("{2150E333-8FDC-42A3-9474-1A3956D46DE8}") = "Core", "Core", "{C5EB8393-A021-4B9A-B706-2540BEC33FF9}"
EndProject
Project("{FAE04EC0-301F-11D3-BF4B-00C04F79EFBC}") = "Core.Common", "Core.Common\Core.Common.csproj", "{493CD021-BC92-462B-B42D-72D524B210E0}"
EndProject
Project("{FAE04EC0-301F-11D3-BF4B-00C04F79EFBC}") = "Core.Common.Contracts", "Core.Common.Contracts\Core.Common.Contracts.csproj", "{C48811D2-B5B7-4D86-A531-2C92F30512BF}"
EndProject
Project("{2150E333-8FDC-42A3-9474-1A3956D46DE8}") = "Tests", "Tests", "{AC2ADB87-34B1-433D-A619-F4ACB1155705}"
EndProject
Project("{FAE04EC0-301F-11D3-BF4B-00C04F79EFBC}") = "Core.Common.Tests", "Core.Common.Tests\Core.Common.Tests.csproj", "{C5B2C03A-44FD-46FA-B168-1E323A8E28D5}"
EndProject
Project("{FAE04EC0-301F-11D3-BF4B-00C04F79EFBC}") = "CarRental.Business.Bootstrapper", "CarRental.Business.Bootstrapper\CarRental.Business.Bootstrapper.csproj", "{1D807985-CF50-477F-B246-0D82526B1B54}"
EndProject
Project("{2150E333-8FDC-42A3-9474-1A3956D46DE8}") = "Resource Access", "Resource Access", "{4F5FBC4F-4E4D-4884-AEDE-6A6AF2A57A8E}"
EndProject
Project("{FAE04EC0-301F-11D3-BF4B-00C04F79EFBC}") = "CarRental.Data", "CarRental.Data\CarRental.Data.csproj", "{4DDF8397-610F-409E-BA49-996D91881936}"
EndProject
Project("{FAE04EC0-301F-11D3-BF4B-00C04F79EFBC}") = "CarRental.Data.Contracts", "CarRental.Data.Contracts\CarRental.Data.Contracts.csproj", "{BE943580-FFD6-444F-B136-13723230B3C4}"
EndProject
Project("{FAE04EC0-301F-11D3-BF4B-00C04F79EFBC}") = "CarRental.Data.Tests", "CarRental.Data.Tests\CarRental.Data.Tests.csproj", "{A7185B20-BB96-435C-B51B-629ED5297940}"
EndProject
Project("{FAE04EC0-301F-11D3-BF4B-00C04F79EFBC}") = "CarRental.Business", "CarRental.Business\CarRental.Business.csproj", "{A2BA0191-2307-4A0D-B294-0BC928BB6769}"
EndProject
Project("{FAE04EC0-301F-11D3-BF4B-00C04F79EFBC}") = "CarRental.Business.Common", "CarRental.Business.Common\CarRental.Business.Common.csproj", "{578BE647-A729-4F4E-9AD6-F3FF0D4BAB50}"
EndProject
Project("{FAE04EC0-301F-11D3-BF4B-00C04F79EFBC}") = "CarRental.Business.Contracts", "CarRental.Business.Contracts\CarRental.Business.Contracts.csproj", "{3FF58F5A-A423-42B3-A6DA-2270EE3B4D3D}"
EndProject
Project("{FAE04EC0-301F-11D3-BF4B-00C04F79EFBC}") = "CarRental.Business.Managers", "CarRental.Business.Managers\CarRental.Business.Managers.csproj", "{1935EE5D-9E58-4A45-8051-733C08B28C40}"
EndProject
Project("{2150E333-8FDC-42A3-9474-1A3956D46DE8}") = "Common", "Common", "{C761AA91-C780-4557-8DD4-FFDEFD3FD99A}"
EndProject
Project("{FAE04EC0-301F-11D3-BF4B-00C04F79EFBC}") = "CarRental.Common", "CarRental.Common\CarRental.Common.csproj", "{37AB8C94-7800-41A6-A176-45E48308A507}"
EndProject
Project("{FAE04EC0-301F-11D3-BF4B-00C04F79EFBC}") = "CarRental.Common.Contracts", "CarRental.Common.Contracts\CarRental.Common.Contracts.csproj", "{E8A254CB-D685-40DF-9BCC-9152800DB12D}"
EndProject
Project("{FAE04EC0-301F-11D3-BF4B-00C04F79EFBC}") = "Core.Common.ServiceModel", "Core.Common.ServiceModel\Core.Common.ServiceModel.csproj", "{140FEE5D-790F-4DB1-9A1D-BFAD5F40ABB7}"
EndProject
Project("{FAE04EC0-301F-11D3-BF4B-00C04F79EFBC}") = "CarRental.Business.Managers.Tests", "CarRental.Business.Managers.Tests\CarRental.Business.Managers.Tests.csproj", "{3B9EAC2E-1203-44DE-9644-7ADB48BABBC6}"
EndProject
Project("{FAE04EC0-301F-11D3-BF4B-00C04F79EFBC}") = "CarRental.Business.Tests", "CarRental.Business.Tests\CarRental.Business.Tests.csproj", "{1C6A2AF2-B858-4297-BA1B-90CAD72C6409}"
EndProject
Project("{2150E333-8FDC-42A3-9474-1A3956D46DE8}") = "Hosting", "Hosting", "{3F98E1C3-F96B-4C7A-B0EC-AECF544BC499}"
EndProject
Project("{FAE04EC0-301F-11D3-BF4B-00C04F79EFBC}") = "CarRental.ServiceHost.Console", "CarRental.ServiceHost.Console\CarRental.ServiceHost.Console.csproj", "{6B156E06-2AB0-4164-8007-AA73F9F4247E}"
EndProject
Project("{FAE04EC0-301F-11D3-BF4B-00C04F79EFBC}") = "CarRental.ServiceHost.Tests", "CarRental.ServiceHost.Tests\CarRental.ServiceHost.Tests.csproj", "{9052FACB-A34B-4DED-B844-78036A2040A5}"
EndProject
Global
	GlobalSection(SolutionConfigurationPlatforms) = preSolution
		Debug|Any CPU = Debug|Any CPU
		Release|Any CPU = Release|Any CPU
	EndGlobalSection
	GlobalSection(ProjectConfigurationPlatforms) = postSolution
		{02FE66BE-7D08-4830-AD62-042F00012085}.Debug|Any CPU.ActiveCfg = Debug|Any CPU
		{02FE66BE-7D08-4830-AD62-042F00012085}.Debug|Any CPU.Build.0 = Debug|Any CPU
		{02FE66BE-7D08-4830-AD62-042F00012085}.Release|Any CPU.ActiveCfg = Release|Any CPU
		{02FE66BE-7D08-4830-AD62-042F00012085}.Release|Any CPU.Build.0 = Release|Any CPU
		{84DD3658-CF45-435F-AC67-D1D6B96F5421}.Debug|Any CPU.ActiveCfg = Debug|Any CPU
		{84DD3658-CF45-435F-AC67-D1D6B96F5421}.Debug|Any CPU.Build.0 = Debug|Any CPU
		{84DD3658-CF45-435F-AC67-D1D6B96F5421}.Release|Any CPU.ActiveCfg = Release|Any CPU
		{84DD3658-CF45-435F-AC67-D1D6B96F5421}.Release|Any CPU.Build.0 = Release|Any CPU
		{493CD021-BC92-462B-B42D-72D524B210E0}.Debug|Any CPU.ActiveCfg = Debug|Any CPU
		{493CD021-BC92-462B-B42D-72D524B210E0}.Debug|Any CPU.Build.0 = Debug|Any CPU
		{493CD021-BC92-462B-B42D-72D524B210E0}.Release|Any CPU.ActiveCfg = Release|Any CPU
		{493CD021-BC92-462B-B42D-72D524B210E0}.Release|Any CPU.Build.0 = Release|Any CPU
		{C48811D2-B5B7-4D86-A531-2C92F30512BF}.Debug|Any CPU.ActiveCfg = Debug|Any CPU
		{C48811D2-B5B7-4D86-A531-2C92F30512BF}.Debug|Any CPU.Build.0 = Debug|Any CPU
		{C48811D2-B5B7-4D86-A531-2C92F30512BF}.Release|Any CPU.ActiveCfg = Release|Any CPU
		{C48811D2-B5B7-4D86-A531-2C92F30512BF}.Release|Any CPU.Build.0 = Release|Any CPU
		{C5B2C03A-44FD-46FA-B168-1E323A8E28D5}.Debug|Any CPU.ActiveCfg = Debug|Any CPU
		{C5B2C03A-44FD-46FA-B168-1E323A8E28D5}.Debug|Any CPU.Build.0 = Debug|Any CPU
		{C5B2C03A-44FD-46FA-B168-1E323A8E28D5}.Release|Any CPU.ActiveCfg = Release|Any CPU
		{C5B2C03A-44FD-46FA-B168-1E323A8E28D5}.Release|Any CPU.Build.0 = Release|Any CPU
		{1D807985-CF50-477F-B246-0D82526B1B54}.Debug|Any CPU.ActiveCfg = Debug|Any CPU
		{1D807985-CF50-477F-B246-0D82526B1B54}.Debug|Any CPU.Build.0 = Debug|Any CPU
		{1D807985-CF50-477F-B246-0D82526B1B54}.Release|Any CPU.ActiveCfg = Release|Any CPU
		{1D807985-CF50-477F-B246-0D82526B1B54}.Release|Any CPU.Build.0 = Release|Any CPU
		{4DDF8397-610F-409E-BA49-996D91881936}.Debug|Any CPU.ActiveCfg = Debug|Any CPU
		{4DDF8397-610F-409E-BA49-996D91881936}.Debug|Any CPU.Build.0 = Debug|Any CPU
		{4DDF8397-610F-409E-BA49-996D91881936}.Release|Any CPU.ActiveCfg = Release|Any CPU
		{4DDF8397-610F-409E-BA49-996D91881936}.Release|Any CPU.Build.0 = Release|Any CPU
		{BE943580-FFD6-444F-B136-13723230B3C4}.Debug|Any CPU.ActiveCfg = Debug|Any CPU
		{BE943580-FFD6-444F-B136-13723230B3C4}.Debug|Any CPU.Build.0 = Debug|Any CPU
		{BE943580-FFD6-444F-B136-13723230B3C4}.Release|Any CPU.ActiveCfg = Release|Any CPU
		{BE943580-FFD6-444F-B136-13723230B3C4}.Release|Any CPU.Build.0 = Release|Any CPU
		{A7185B20-BB96-435C-B51B-629ED5297940}.Debug|Any CPU.ActiveCfg = Debug|Any CPU
		{A7185B20-BB96-435C-B51B-629ED5297940}.Debug|Any CPU.Build.0 = Debug|Any CPU
		{A7185B20-BB96-435C-B51B-629ED5297940}.Release|Any CPU.ActiveCfg = Release|Any CPU
		{A7185B20-BB96-435C-B51B-629ED5297940}.Release|Any CPU.Build.0 = Release|Any CPU
		{A2BA0191-2307-4A0D-B294-0BC928BB6769}.Debug|Any CPU.ActiveCfg = Debug|Any CPU
		{A2BA0191-2307-4A0D-B294-0BC928BB6769}.Debug|Any CPU.Build.0 = Debug|Any CPU
		{A2BA0191-2307-4A0D-B294-0BC928BB6769}.Release|Any CPU.ActiveCfg = Release|Any CPU
		{A2BA0191-2307-4A0D-B294-0BC928BB6769}.Release|Any CPU.Build.0 = Release|Any CPU
		{578BE647-A729-4F4E-9AD6-F3FF0D4BAB50}.Debug|Any CPU.ActiveCfg = Debug|Any CPU
		{578BE647-A729-4F4E-9AD6-F3FF0D4BAB50}.Debug|Any CPU.Build.0 = Debug|Any CPU
		{578BE647-A729-4F4E-9AD6-F3FF0D4BAB50}.Release|Any CPU.ActiveCfg = Release|Any CPU
		{578BE647-A729-4F4E-9AD6-F3FF0D4BAB50}.Release|Any CPU.Build.0 = Release|Any CPU
		{3FF58F5A-A423-42B3-A6DA-2270EE3B4D3D}.Debug|Any CPU.ActiveCfg = Debug|Any CPU
		{3FF58F5A-A423-42B3-A6DA-2270EE3B4D3D}.Debug|Any CPU.Build.0 = Debug|Any CPU
		{3FF58F5A-A423-42B3-A6DA-2270EE3B4D3D}.Release|Any CPU.ActiveCfg = Release|Any CPU
		{3FF58F5A-A423-42B3-A6DA-2270EE3B4D3D}.Release|Any CPU.Build.0 = Release|Any CPU
		{1935EE5D-9E58-4A45-8051-733C08B28C40}.Debug|Any CPU.ActiveCfg = Debug|Any CPU
		{1935EE5D-9E58-4A45-8051-733C08B28C40}.Debug|Any CPU.Build.0 = Debug|Any CPU
		{1935EE5D-9E58-4A45-8051-733C08B28C40}.Release|Any CPU.ActiveCfg = Release|Any CPU
		{1935EE5D-9E58-4A45-8051-733C08B28C40}.Release|Any CPU.Build.0 = Release|Any CPU
		{37AB8C94-7800-41A6-A176-45E48308A507}.Debug|Any CPU.ActiveCfg = Debug|Any CPU
		{37AB8C94-7800-41A6-A176-45E48308A507}.Debug|Any CPU.Build.0 = Debug|Any CPU
		{37AB8C94-7800-41A6-A176-45E48308A507}.Release|Any CPU.ActiveCfg = Release|Any CPU
		{37AB8C94-7800-41A6-A176-45E48308A507}.Release|Any CPU.Build.0 = Release|Any CPU
		{E8A254CB-D685-40DF-9BCC-9152800DB12D}.Debug|Any CPU.ActiveCfg = Debug|Any CPU
		{E8A254CB-D685-40DF-9BCC-9152800DB12D}.Debug|Any CPU.Build.0 = Debug|Any CPU
		{E8A254CB-D685-40DF-9BCC-9152800DB12D}.Release|Any CPU.ActiveCfg = Release|Any CPU
		{E8A254CB-D685-40DF-9BCC-9152800DB12D}.Release|Any CPU.Build.0 = Release|Any CPU
		{140FEE5D-790F-4DB1-9A1D-BFAD5F40ABB7}.Debug|Any CPU.ActiveCfg = Debug|Any CPU
		{140FEE5D-790F-4DB1-9A1D-BFAD5F40ABB7}.Debug|Any CPU.Build.0 = Debug|Any CPU
		{140FEE5D-790F-4DB1-9A1D-BFAD5F40ABB7}.Release|Any CPU.ActiveCfg = Release|Any CPU
		{140FEE5D-790F-4DB1-9A1D-BFAD5F40ABB7}.Release|Any CPU.Build.0 = Release|Any CPU
		{3B9EAC2E-1203-44DE-9644-7ADB48BABBC6}.Debug|Any CPU.ActiveCfg = Debug|Any CPU
		{3B9EAC2E-1203-44DE-9644-7ADB48BABBC6}.Debug|Any CPU.Build.0 = Debug|Any CPU
		{3B9EAC2E-1203-44DE-9644-7ADB48BABBC6}.Release|Any CPU.ActiveCfg = Release|Any CPU
		{3B9EAC2E-1203-44DE-9644-7ADB48BABBC6}.Release|Any CPU.Build.0 = Release|Any CPU
		{1C6A2AF2-B858-4297-BA1B-90CAD72C6409}.Debug|Any CPU.ActiveCfg = Debug|Any CPU
		{1C6A2AF2-B858-4297-BA1B-90CAD72C6409}.Debug|Any CPU.Build.0 = Debug|Any CPU
		{1C6A2AF2-B858-4297-BA1B-90CAD72C6409}.Release|Any CPU.ActiveCfg = Release|Any CPU
		{1C6A2AF2-B858-4297-BA1B-90CAD72C6409}.Release|Any CPU.Build.0 = Release|Any CPU
		{6B156E06-2AB0-4164-8007-AA73F9F4247E}.Debug|Any CPU.ActiveCfg = Debug|Any CPU
		{6B156E06-2AB0-4164-8007-AA73F9F4247E}.Debug|Any CPU.Build.0 = Debug|Any CPU
		{6B156E06-2AB0-4164-8007-AA73F9F4247E}.Release|Any CPU.ActiveCfg = Release|Any CPU
		{6B156E06-2AB0-4164-8007-AA73F9F4247E}.Release|Any CPU.Build.0 = Release|Any CPU
		{9052FACB-A34B-4DED-B844-78036A2040A5}.Debug|Any CPU.ActiveCfg = Debug|Any CPU
		{9052FACB-A34B-4DED-B844-78036A2040A5}.Debug|Any CPU.Build.0 = Debug|Any CPU
		{9052FACB-A34B-4DED-B844-78036A2040A5}.Release|Any CPU.ActiveCfg = Release|Any CPU
		{9052FACB-A34B-4DED-B844-78036A2040A5}.Release|Any CPU.Build.0 = Release|Any CPU
	EndGlobalSection
	GlobalSection(SolutionProperties) = preSolution
		HideSolutionNode = FALSE
	EndGlobalSection
	GlobalSection(NestedProjects) = preSolution
		{02FE66BE-7D08-4830-AD62-042F00012085} = {DE908575-A1D9-4F01-A148-2F5A14FFD230}
		{1D807985-CF50-477F-B246-0D82526B1B54} = {DE908575-A1D9-4F01-A148-2F5A14FFD230}
		{A2BA0191-2307-4A0D-B294-0BC928BB6769} = {DE908575-A1D9-4F01-A148-2F5A14FFD230}
		{578BE647-A729-4F4E-9AD6-F3FF0D4BAB50} = {DE908575-A1D9-4F01-A148-2F5A14FFD230}
		{3FF58F5A-A423-42B3-A6DA-2270EE3B4D3D} = {DE908575-A1D9-4F01-A148-2F5A14FFD230}
		{1935EE5D-9E58-4A45-8051-733C08B28C40} = {DE908575-A1D9-4F01-A148-2F5A14FFD230}
		{84DD3658-CF45-435F-AC67-D1D6B96F5421} = {B9627DA3-2883-4699-B1EA-CEAE6560CD68}
		{493CD021-BC92-462B-B42D-72D524B210E0} = {C5EB8393-A021-4B9A-B706-2540BEC33FF9}
		{C48811D2-B5B7-4D86-A531-2C92F30512BF} = {C5EB8393-A021-4B9A-B706-2540BEC33FF9}
		{140FEE5D-790F-4DB1-9A1D-BFAD5F40ABB7} = {C5EB8393-A021-4B9A-B706-2540BEC33FF9}
		{C5B2C03A-44FD-46FA-B168-1E323A8E28D5} = {AC2ADB87-34B1-433D-A619-F4ACB1155705}
		{A7185B20-BB96-435C-B51B-629ED5297940} = {AC2ADB87-34B1-433D-A619-F4ACB1155705}
		{3B9EAC2E-1203-44DE-9644-7ADB48BABBC6} = {AC2ADB87-34B1-433D-A619-F4ACB1155705}
		{1C6A2AF2-B858-4297-BA1B-90CAD72C6409} = {AC2ADB87-34B1-433D-A619-F4ACB1155705}
		{9052FACB-A34B-4DED-B844-78036A2040A5} = {AC2ADB87-34B1-433D-A619-F4ACB1155705}
		{4DDF8397-610F-409E-BA49-996D91881936} = {4F5FBC4F-4E4D-4884-AEDE-6A6AF2A57A8E}
		{BE943580-FFD6-444F-B136-13723230B3C4} = {4F5FBC4F-4E4D-4884-AEDE-6A6AF2A57A8E}
		{37AB8C94-7800-41A6-A176-45E48308A507} = {C761AA91-C780-4557-8DD4-FFDEFD3FD99A}
		{E8A254CB-D685-40DF-9BCC-9152800DB12D} = {C761AA91-C780-4557-8DD4-FFDEFD3FD99A}
		{6B156E06-2AB0-4164-8007-AA73F9F4247E} = {3F98E1C3-F96B-4C7A-B0EC-AECF544BC499}
	EndGlobalSection
EndGlobal
